
Microsoft Visual Studio Solution File, Format Version 12.00
# Visual Studio 15
VisualStudioVersion = 15.0.27703.2035
MinimumVisualStudioVersion = 10.0.40219.1
Project("{FAE04EC0-301F-11D3-BF4B-00C04F79EFBC}") = "Delete", "Delete\Delete.csproj", "{72506D14-8D66-4D5C-A0CA-B7BAF97059B5}"
EndProject
Global
	GlobalSection(SolutionConfigurationPlatforms) = preSolution
		Debug|Any CPU = Debug|Any CPU
		Release|Any CPU = Release|Any CPU
	EndGlobalSection
	GlobalSection(ProjectConfigurationPlatforms) = postSolution
		{72506D14-8D66-4D5C-A0CA-B7BAF97059B5}.Debug|Any CPU.ActiveCfg = Debug|Any CPU
		{72506D14-8D66-4D5C-A0CA-B7BAF97059B5}.Debug|Any CPU.Build.0 = Debug|Any CPU
		{72506D14-8D66-4D5C-A0CA-B7BAF97059B5}.Release|Any CPU.ActiveCfg = Release|Any CPU
		{72506D14-8D66-4D5C-A0CA-B7BAF97059B5}.Release|Any CPU.Build.0 = Release|Any CPU
	EndGlobalSection
	GlobalSection(SolutionProperties) = preSolution
		HideSolutionNode = FALSE
	EndGlobalSection
	GlobalSection(ExtensibilityGlobals) = postSolution
		SolutionGuid = {666F5AE3-8823-4A20-9B52-601E02EF19BC}
	EndGlobalSection
EndGlobal
